{
  "name": "4.7",
  "lockfileVersion": 2,
  "requires": true,
  "packages": {
    "": {
      "dependencies": {
        "types-registry": "^0.1.605"
      },
      "devDependencies": {
        "@types/babel__core": "^7.1.19",
        "@types/babel__preset-env": "^7.9.2",
        "@types/html-webpack-plugin": "^3.2.6",
        "@types/lodash": "^4.14.182",
        "@types/node-sass": "^4.11.3",
        "@types/sass-loader": "^8.0.3"
      }
    },
    "node_modules/@babel/helper-validator-identifier": {
      "version": "7.18.6",
      "resolved": "https://registry.npmjs.org/@babel/helper-validator-identifier/-/helper-validator-identifier-7.18.6.tgz",
      "integrity": "sha512-MmetCkz9ej86nJQV+sFCxoGGrUbU3q02kgLciwkrt9QqEB7cP39oKEY0PakknEO0Gu20SskMRi+AYZ3b1TpN9g==",
      "dev": true,
      "engines": {
        "node": ">=6.9.0"
      }
    },
    "node_modules/@babel/parser": {
      "version": "7.18.9",
      "resolved": "https://registry.npmjs.org/@babel/parser/-/parser-7.18.9.tgz",
      "integrity": "sha512-9uJveS9eY9DJ0t64YbIBZICtJy8a5QrDEVdiLCG97fVLpDTpGX7t8mMSb6OWw6Lrnjqj4O8zwjELX3dhoMgiBg==",
      "dev": true,
      "bin": {
        "parser": "bin/babel-parser.js"
      },
      "engines": {
        "node": ">=6.0.0"
      }
    },
    "node_modules/@babel/types": {
      "version": "7.18.9",
      "resolved": "https://registry.npmjs.org/@babel/types/-/types-7.18.9.tgz",
      "integrity": "sha512-WwMLAg2MvJmt/rKEVQBBhIVffMmnilX4oe0sRe7iPOHIGsqpruFHHdrfj4O1CMMtgMtCU4oPafZjDPCRgO57Wg==",
      "dev": true,
      "dependencies": {
        "@babel/helper-validator-identifier": "^7.18.6",
        "to-fast-properties": "^2.0.0"
      },
      "engines": {
        "node": ">=6.9.0"
      }
    },
    "node_modules/@types/babel__core": {
      "version": "7.1.19",
      "resolved": "https://registry.npmjs.org/@types/babel__core/-/babel__core-7.1.19.tgz",
      "integrity": "sha512-WEOTgRsbYkvA/KCsDwVEGkd7WAr1e3g31VHQ8zy5gul/V1qKullU/BU5I68X5v7V3GnB9eotmom4v5a5gjxorw==",
      "dev": true,
      "dependencies": {
        "@babel/parser": "^7.1.0",
        "@babel/types": "^7.0.0",
        "@types/babel__generator": "*",
        "@types/babel__template": "*",
        "@types/babel__traverse": "*"
      }
    },
    "node_modules/@types/babel__generator": {
      "version": "7.6.4",
      "resolved": "https://registry.npmjs.org/@types/babel__generator/-/babel__generator-7.6.4.tgz",
      "integrity": "sha512-tFkciB9j2K755yrTALxD44McOrk+gfpIpvC3sxHjRawj6PfnQxrse4Clq5y/Rq+G3mrBurMax/lG8Qn2t9mSsg==",
      "dev": true,
      "dependencies": {
        "@babel/types": "^7.0.0"
      }
    },
    "node_modules/@types/babel__preset-env": {
      "version": "7.9.2",
      "resolved": "https://registry.npmjs.org/@types/babel__preset-env/-/babel__preset-env-7.9.2.tgz",
      "integrity": "sha512-epEgKQiqTDZdPgYwtriYK1GVAGcyVZVvvw2UatX3+95mogKGimebApcMEWLF12uhUbNIvX284CSQEavnV/OIgw==",
      "dev": true
    },
    "node_modules/@types/babel__template": {
      "version": "7.4.1",
      "resolved": "https://registry.npmjs.org/@types/babel__template/-/babel__template-7.4.1.tgz",
      "integrity": "sha512-azBFKemX6kMg5Io+/rdGT0dkGreboUVR0Cdm3fz9QJWpaQGJRQXl7C+6hOTCZcMll7KFyEQpgbYI2lHdsS4U7g==",
      "dev": true,
      "dependencies": {
        "@babel/parser": "^7.1.0",
        "@babel/types": "^7.0.0"
      }
    },
    "node_modules/@types/babel__traverse": {
      "version": "7.17.1",
      "resolved": "https://registry.npmjs.org/@types/babel__traverse/-/babel__traverse-7.17.1.tgz",
      "integrity": "sha512-kVzjari1s2YVi77D3w1yuvohV2idweYXMCDzqBiVNN63TcDWrIlTVOYpqVrvbbyOE/IyzBoTKF0fdnLPEORFxA==",
      "dev": true,
      "dependencies": {
        "@babel/types": "^7.3.0"
      }
    },
    "node_modules/@types/clean-css": {
      "version": "4.2.5",
      "resolved": "https://registry.npmjs.org/@types/clean-css/-/clean-css-4.2.5.tgz",
      "integrity": "sha512-NEzjkGGpbs9S9fgC4abuBvTpVwE3i+Acu9BBod3PUyjDVZcNsGx61b8r2PphR61QGPnn0JHVs5ey6/I4eTrkxw==",
      "dev": true,
      "dependencies": {
        "@types/node": "*",
        "source-map": "^0.6.0"
      }
    },
    "node_modules/@types/html-minifier": {
      "version": "4.0.2",
      "resolved": "https://registry.npmjs.org/@types/html-minifier/-/html-minifier-4.0.2.tgz",
      "integrity": "sha512-4IkmkXJP/25R2fZsCHDX2abztXuQRzUAZq39PfCMz2loLFj8vS9y7aF6vDl58koXSTpsF+eL4Lc5Y4Aww/GCTQ==",
      "dev": true,
      "dependencies": {
        "@types/clean-css": "*",
        "@types/relateurl": "*",
        "@types/uglify-js": "*"
      }
    },
    "node_modules/@types/html-webpack-plugin": {
      "version": "3.2.6",
      "resolved": "https://registry.npmjs.org/@types/html-webpack-plugin/-/html-webpack-plugin-3.2.6.tgz",
      "integrity": "sha512-U8uJSvlf9lwrKG6sKFnMhqY4qJw2QXad+PHlX9sqEXVUMilVt96aVvFde73tzsdXD+QH9JS6kEytuGO2JcYZog==",
      "dev": true,
      "dependencies": {
        "@types/html-minifier": "*",
        "@types/tapable": "^1",
        "@types/webpack": "^4"
      }
    },
    "node_modules/@types/lodash": {
      "version": "4.14.182",
      "resolved": "https://registry.npmjs.org/@types/lodash/-/lodash-4.14.182.tgz",
      "integrity": "sha512-/THyiqyQAP9AfARo4pF+aCGcyiQ94tX/Is2I7HofNRqoYLgN1PBoOWu2/zTA5zMxzP5EFutMtWtGAFRKUe961Q==",
      "dev": true
    },
    "node_modules/@types/node": {
      "version": "18.6.3",
      "resolved": "https://registry.npmjs.org/@types/node/-/node-18.6.3.tgz",
      "integrity": "sha512-6qKpDtoaYLM+5+AFChLhHermMQxc3TOEFIDzrZLPRGHPrLEwqFkkT5Kx3ju05g6X7uDPazz3jHbKPX0KzCjntg==",
      "dev": true
    },
    "node_modules/@types/node-sass": {
      "version": "4.11.3",
      "resolved": "https://registry.npmjs.org/@types/node-sass/-/node-sass-4.11.3.tgz",
      "integrity": "sha512-wXPCn3t9uu5rR4zXNSLasZHQMuRzUKBsdi4MsgT8uq4Lp1gQQo+T2G23tGj4SSgDHeNBle6vGseZtM2XV/X9bw==",
      "dev": true,
      "dependencies": {
        "@types/node": "*"
      }
    },
    "node_modules/@types/relateurl": {
      "version": "0.2.29",
      "resolved": "https://registry.npmjs.org/@types/relateurl/-/relateurl-0.2.29.tgz",
      "integrity": "sha512-QSvevZ+IRww2ldtfv1QskYsqVVVwCKQf1XbwtcyyoRvLIQzfyPhj/C+3+PKzSDRdiyejaiLgnq//XTkleorpLg==",
      "dev": true
    },
    "node_modules/@types/sass": {
      "version": "1.43.1",
      "resolved": "https://registry.npmjs.org/@types/sass/-/sass-1.43.1.tgz",
      "integrity": "sha512-BPdoIt1lfJ6B7rw35ncdwBZrAssjcwzI5LByIrYs+tpXlj/CAkuVdRsgZDdP4lq5EjyWzwxZCqAoFyHKFwp32g==",
      "dev": true,
      "dependencies": {
        "@types/node": "*"
      }
    },
    "node_modules/@types/sass-loader": {
      "version": "8.0.3",
      "resolved": "https://registry.npmjs.org/@types/sass-loader/-/sass-loader-8.0.3.tgz",
      "integrity": "sha512-lwOlTt9erV7A9rwTYGqya+swf6D/2OqiHjegr1No9Lu/2KAUFONyyZD5jjVKPO1BHgtr+7r0R/IbwzQcmsPoYg==",
      "dev": true,
      "dependencies": {
        "@types/node-sass": "*",
        "@types/sass": "*",
        "@types/webpack": "^4"
      }
    },
    "node_modules/@types/source-list-map": {
      "version": "0.1.2",
      "resolved": "https://registry.npmjs.org/@types/source-list-map/-/source-list-map-0.1.2.tgz",
      "integrity": "sha512-K5K+yml8LTo9bWJI/rECfIPrGgxdpeNbj+d53lwN4QjW1MCwlkhUms+gtdzigTeUyBr09+u8BwOIY3MXvHdcsA==",
      "dev": true
    },
    "node_modules/@types/tapable": {
      "version": "1.0.8",
      "resolved": "https://registry.npmjs.org/@types/tapable/-/tapable-1.0.8.tgz",
      "integrity": "sha512-ipixuVrh2OdNmauvtT51o3d8z12p6LtFW9in7U79der/kwejjdNchQC5UMn5u/KxNoM7VHHOs/l8KS8uHxhODQ==",
      "dev": true
    },
    "node_modules/@types/uglify-js": {
      "version": "3.16.0",
      "resolved": "https://registry.npmjs.org/@types/uglify-js/-/uglify-js-3.16.0.tgz",
      "integrity": "sha512-0yeUr92L3r0GLRnBOvtYK1v2SjqMIqQDHMl7GLb+l2L8+6LSFWEEWEIgVsPdMn5ImLM8qzWT8xFPtQYpp8co0g==",
      "dev": true,
      "dependencies": {
        "source-map": "^0.6.1"
      }
    },
    "node_modules/@types/webpack": {
      "version": "4.41.32",
      "resolved": "https://registry.npmjs.org/@types/webpack/-/webpack-4.41.32.tgz",
      "integrity": "sha512-cb+0ioil/7oz5//7tZUSwbrSAN/NWHrQylz5cW8G0dWTcF/g+/dSdMlKVZspBYuMAN1+WnwHrkxiRrLcwd0Heg==",
      "dev": true,
      "dependencies": {
        "@types/node": "*",
        "@types/tapable": "^1",
        "@types/uglify-js": "*",
        "@types/webpack-sources": "*",
        "anymatch": "^3.0.0",
        "source-map": "^0.6.0"
      }
    },
    "node_modules/@types/webpack-sources": {
      "version": "3.2.0",
      "resolved": "https://registry.npmjs.org/@types/webpack-sources/-/webpack-sources-3.2.0.tgz",
      "integrity": "sha512-Ft7YH3lEVRQ6ls8k4Ff1oB4jN6oy/XmU6tQISKdhfh+1mR+viZFphS6WL0IrtDOzvefmJg5a0s7ZQoRXwqTEFg==",
      "dev": true,
      "dependencies": {
        "@types/node": "*",
        "@types/source-list-map": "*",
        "source-map": "^0.7.3"
      }
    },
    "node_modules/@types/webpack-sources/node_modules/source-map": {
      "version": "0.7.4",
      "resolved": "https://registry.npmjs.org/source-map/-/source-map-0.7.4.tgz",
      "integrity": "sha512-l3BikUxvPOcn5E74dZiq5BGsTb5yEwhaTSzccU6t4sDOH8NWJCstKO5QT2CvtFoK6F0saL7p9xHAqHOlCPJygA==",
      "dev": true,
      "engines": {
        "node": ">= 8"
      }
    },
    "node_modules/anymatch": {
      "version": "3.1.2",
      "resolved": "https://registry.npmjs.org/anymatch/-/anymatch-3.1.2.tgz",
      "integrity": "sha512-P43ePfOAIupkguHUycrc4qJ9kz8ZiuOUijaETwX7THt0Y/GNK7v0aa8rY816xWjZ7rJdA5XdMcpVFTKMq+RvWg==",
      "dev": true,
      "dependencies": {
        "normalize-path": "^3.0.0",
        "picomatch": "^2.0.4"
      },
      "engines": {
        "node": ">= 8"
      }
    },
    "node_modules/normalize-path": {
      "version": "3.0.0",
      "resolved": "https://registry.npmjs.org/normalize-path/-/normalize-path-3.0.0.tgz",
      "integrity": "sha512-6eZs5Ls3WtCisHWp9S2GUy8dqkpGi4BVSz3GaqiE6ezub0512ESztXUwUB6C6IKbQkY2Pnb/mD4WYojCRwcwLA==",
      "dev": true,
      "engines": {
        "node": ">=0.10.0"
      }
    },
    "node_modules/picomatch": {
      "version": "2.3.1",
      "resolved": "https://registry.npmjs.org/picomatch/-/picomatch-2.3.1.tgz",
      "integrity": "sha512-JU3teHTNjmE2VCGFzuY8EXzCDVwEqB2a8fsIvwaStHhAWJEeVd1o1QD80CU6+ZdEXXSLbSsuLwJjkCBWqRQUVA==",
      "dev": true,
      "engines": {
        "node": ">=8.6"
      },
      "funding": {
        "url": "https://github.com/sponsors/jonschlinkert"
      }
    },
    "node_modules/source-map": {
      "version": "0.6.1",
      "resolved": "https://registry.npmjs.org/source-map/-/source-map-0.6.1.tgz",
      "integrity": "sha512-UjgapumWlbMhkBgzT7Ykc5YXUT46F0iKu8SGXq0bcwP5dz/h0Plj6enJqjz1Zbq2l5WaqYnrVbwWOWMyF3F47g==",
      "dev": true,
      "engines": {
        "node": ">=0.10.0"
      }
    },
    "node_modules/to-fast-properties": {
      "version": "2.0.0",
      "resolved": "https://registry.npmjs.org/to-fast-properties/-/to-fast-properties-2.0.0.tgz",
      "integrity": "sha512-/OaKK0xYrs3DmxRYqL/yDc+FxFUVYhDlXMhRmv3z915w2HF1tnN1omB354j8VUGO/hbRzyD6Y3sA7v7GS/ceog==",
      "dev": true,
      "engines": {
        "node": ">=4"
      }
    },
    "node_modules/types-registry": {
      "version": "0.1.605",
      "resolved": "https://registry.npmjs.org/types-registry/-/types-registry-0.1.605.tgz",
      "integrity": "sha512-ZsEowfA+766FE00Q2hn/GrIeS12+Usl+s6Bv5Rb9hqeFmbUzN1Hy7Roeno9yadW4jeBISYHIeNYYrEAE0izAcg=="
    }
  },
  "dependencies": {
    "@babel/helper-validator-identifier": {
      "version": "7.18.6",
      "resolved": "https://registry.npmjs.org/@babel/helper-validator-identifier/-/helper-validator-identifier-7.18.6.tgz",
      "integrity": "sha512-MmetCkz9ej86nJQV+sFCxoGGrUbU3q02kgLciwkrt9QqEB7cP39oKEY0PakknEO0Gu20SskMRi+AYZ3b1TpN9g==",
      "dev": true
    },
    "@babel/parser": {
      "version": "7.18.9",
      "resolved": "https://registry.npmjs.org/@babel/parser/-/parser-7.18.9.tgz",
      "integrity": "sha512-9uJveS9eY9DJ0t64YbIBZICtJy8a5QrDEVdiLCG97fVLpDTpGX7t8mMSb6OWw6Lrnjqj4O8zwjELX3dhoMgiBg==",
      "dev": true
    },
    "@babel/types": {
      "version": "7.18.9",
      "resolved": "https://registry.npmjs.org/@babel/types/-/types-7.18.9.tgz",
      "integrity": "sha512-WwMLAg2MvJmt/rKEVQBBhIVffMmnilX4oe0sRe7iPOHIGsqpruFHHdrfj4O1CMMtgMtCU4oPafZjDPCRgO57Wg==",
      "dev": true,
      "requires": {
        "@babel/helper-validator-identifier": "^7.18.6",
        "to-fast-properties": "^2.0.0"
      }
    },
    "@types/babel__core": {
      "version": "7.1.19",
      "resolved": "https://registry.npmjs.org/@types/babel__core/-/babel__core-7.1.19.tgz",
      "integrity": "sha512-WEOTgRsbYkvA/KCsDwVEGkd7WAr1e3g31VHQ8zy5gul/V1qKullU/BU5I68X5v7V3GnB9eotmom4v5a5gjxorw==",
      "dev": true,
      "requires": {
        "@babel/parser": "^7.1.0",
        "@babel/types": "^7.0.0",
        "@types/babel__generator": "*",
        "@types/babel__template": "*",
        "@types/babel__traverse": "*"
      }
    },
    "@types/babel__generator": {
      "version": "7.6.4",
      "resolved": "https://registry.npmjs.org/@types/babel__generator/-/babel__generator-7.6.4.tgz",
      "integrity": "sha512-tFkciB9j2K755yrTALxD44McOrk+gfpIpvC3sxHjRawj6PfnQxrse4Clq5y/Rq+G3mrBurMax/lG8Qn2t9mSsg==",
      "dev": true,
      "requires": {
        "@babel/types": "^7.0.0"
      }
    },
    "@types/babel__preset-env": {
      "version": "7.9.2",
      "resolved": "https://registry.npmjs.org/@types/babel__preset-env/-/babel__preset-env-7.9.2.tgz",
      "integrity": "sha512-epEgKQiqTDZdPgYwtriYK1GVAGcyVZVvvw2UatX3+95mogKGimebApcMEWLF12uhUbNIvX284CSQEavnV/OIgw==",
      "dev": true
    },
    "@types/babel__template": {
      "version": "7.4.1",
      "resolved": "https://registry.npmjs.org/@types/babel__template/-/babel__template-7.4.1.tgz",
      "integrity": "sha512-azBFKemX6kMg5Io+/rdGT0dkGreboUVR0Cdm3fz9QJWpaQGJRQXl7C+6hOTCZcMll7KFyEQpgbYI2lHdsS4U7g==",
      "dev": true,
      "requires": {
        "@babel/parser": "^7.1.0",
        "@babel/types": "^7.0.0"
      }
    },
    "@types/babel__traverse": {
      "version": "7.17.1",
      "resolved": "https://registry.npmjs.org/@types/babel__traverse/-/babel__traverse-7.17.1.tgz",
      "integrity": "sha512-kVzjari1s2YVi77D3w1yuvohV2idweYXMCDzqBiVNN63TcDWrIlTVOYpqVrvbbyOE/IyzBoTKF0fdnLPEORFxA==",
      "dev": true,
      "requires": {
        "@babel/types": "^7.3.0"
      }
    },
    "@types/clean-css": {
      "version": "4.2.5",
      "resolved": "https://registry.npmjs.org/@types/clean-css/-/clean-css-4.2.5.tgz",
      "integrity": "sha512-NEzjkGGpbs9S9fgC4abuBvTpVwE3i+Acu9BBod3PUyjDVZcNsGx61b8r2PphR61QGPnn0JHVs5ey6/I4eTrkxw==",
      "dev": true,
      "requires": {
        "@types/node": "*",
        "source-map": "^0.6.0"
      }
    },
    "@types/html-minifier": {
      "version": "4.0.2",
      "resolved": "https://registry.npmjs.org/@types/html-minifier/-/html-minifier-4.0.2.tgz",
      "integrity": "sha512-4IkmkXJP/25R2fZsCHDX2abztXuQRzUAZq39PfCMz2loLFj8vS9y7aF6vDl58koXSTpsF+eL4Lc5Y4Aww/GCTQ==",
      "dev": true,
      "requires": {
        "@types/clean-css": "*",
        "@types/relateurl": "*",
        "@types/uglify-js": "*"
      }
    },
    "@types/html-webpack-plugin": {
      "version": "3.2.6",
      "resolved": "https://registry.npmjs.org/@types/html-webpack-plugin/-/html-webpack-plugin-3.2.6.tgz",
      "integrity": "sha512-U8uJSvlf9lwrKG6sKFnMhqY4qJw2QXad+PHlX9sqEXVUMilVt96aVvFde73tzsdXD+QH9JS6kEytuGO2JcYZog==",
      "dev": true,
      "requires": {
        "@types/html-minifier": "*",
        "@types/tapable": "^1",
        "@types/webpack": "^4"
      }
    },
    "@types/lodash": {
      "version": "4.14.182",
      "resolved": "https://registry.npmjs.org/@types/lodash/-/lodash-4.14.182.tgz",
      "integrity": "sha512-/THyiqyQAP9AfARo4pF+aCGcyiQ94tX/Is2I7HofNRqoYLgN1PBoOWu2/zTA5zMxzP5EFutMtWtGAFRKUe961Q==",
      "dev": true
    },
    "@types/node": {
      "version": "18.6.3",
      "resolved": "https://registry.npmjs.org/@types/node/-/node-18.6.3.tgz",
      "integrity": "sha512-6qKpDtoaYLM+5+AFChLhHermMQxc3TOEFIDzrZLPRGHPrLEwqFkkT5Kx3ju05g6X7uDPazz3jHbKPX0KzCjntg==",
      "dev": true
    },
    "@types/node-sass": {
      "version": "4.11.3",
      "resolved": "https://registry.npmjs.org/@types/node-sass/-/node-sass-4.11.3.tgz",
      "integrity": "sha512-wXPCn3t9uu5rR4zXNSLasZHQMuRzUKBsdi4MsgT8uq4Lp1gQQo+T2G23tGj4SSgDHeNBle6vGseZtM2XV/X9bw==",
      "dev": true,
      "requires": {
        "@types/node": "*"
      }
    },
    "@types/relateurl": {
      "version": "0.2.29",
      "resolved": "https://registry.npmjs.org/@types/relateurl/-/relateurl-0.2.29.tgz",
      "integrity": "sha512-QSvevZ+IRww2ldtfv1QskYsqVVVwCKQf1XbwtcyyoRvLIQzfyPhj/C+3+PKzSDRdiyejaiLgnq//XTkleorpLg==",
      "dev": true
    },
    "@types/sass": {
      "version": "1.43.1",
      "resolved": "https://registry.npmjs.org/@types/sass/-/sass-1.43.1.tgz",
      "integrity": "sha512-BPdoIt1lfJ6B7rw35ncdwBZrAssjcwzI5LByIrYs+tpXlj/CAkuVdRsgZDdP4lq5EjyWzwxZCqAoFyHKFwp32g==",
      "dev": true,
      "requires": {
        "@types/node": "*"
      }
    },
    "@types/sass-loader": {
      "version": "8.0.3",
      "resolved": "https://registry.npmjs.org/@types/sass-loader/-/sass-loader-8.0.3.tgz",
      "integrity": "sha512-lwOlTt9erV7A9rwTYGqya+swf6D/2OqiHjegr1No9Lu/2KAUFONyyZD5jjVKPO1BHgtr+7r0R/IbwzQcmsPoYg==",
      "dev": true,
      "requires": {
        "@types/node-sass": "*",
        "@types/sass": "*",
        "@types/webpack": "^4"
      }
    },
    "@types/source-list-map": {
      "version": "0.1.2",
      "resolved": "https://registry.npmjs.org/@types/source-list-map/-/source-list-map-0.1.2.tgz",
      "integrity": "sha512-K5K+yml8LTo9bWJI/rECfIPrGgxdpeNbj+d53lwN4QjW1MCwlkhUms+gtdzigTeUyBr09+u8BwOIY3MXvHdcsA==",
      "dev": true
    },
    "@types/tapable": {
      "version": "1.0.8",
      "resolved": "https://registry.npmjs.org/@types/tapable/-/tapable-1.0.8.tgz",
      "integrity": "sha512-ipixuVrh2OdNmauvtT51o3d8z12p6LtFW9in7U79der/kwejjdNchQC5UMn5u/KxNoM7VHHOs/l8KS8uHxhODQ==",
      "dev": true
    },
    "@types/uglify-js": {
      "version": "3.16.0",
      "resolved": "https://registry.npmjs.org/@types/uglify-js/-/uglify-js-3.16.0.tgz",
      "integrity": "sha512-0yeUr92L3r0GLRnBOvtYK1v2SjqMIqQDHMl7GLb+l2L8+6LSFWEEWEIgVsPdMn5ImLM8qzWT8xFPtQYpp8co0g==",
      "dev": true,
      "requires": {
        "source-map": "^0.6.1"
      }
    },
    "@types/webpack": {
      "version": "4.41.32",
      "resolved": "https://registry.npmjs.org/@types/webpack/-/webpack-4.41.32.tgz",
      "integrity": "sha512-cb+0ioil/7oz5//7tZUSwbrSAN/NWHrQylz5cW8G0dWTcF/g+/dSdMlKVZspBYuMAN1+WnwHrkxiRrLcwd0Heg==",
      "dev": true,
      "requires": {
        "@types/node": "*",
        "@types/tapable": "^1",
        "@types/uglify-js": "*",
        "@types/webpack-sources": "*",
        "anymatch": "^3.0.0",
        "source-map": "^0.6.0"
      }
    },
    "@types/webpack-sources": {
      "version": "3.2.0",
      "resolved": "https://registry.npmjs.org/@types/webpack-sources/-/webpack-sources-3.2.0.tgz",
      "integrity": "sha512-Ft7YH3lEVRQ6ls8k4Ff1oB4jN6oy/XmU6tQISKdhfh+1mR+viZFphS6WL0IrtDOzvefmJg5a0s7ZQoRXwqTEFg==",
      "dev": true,
      "requires": {
        "@types/node": "*",
        "@types/source-list-map": "*",
        "source-map": "^0.7.3"
      },
      "dependencies": {
        "source-map": {
          "version": "0.7.4",
          "resolved": "https://registry.npmjs.org/source-map/-/source-map-0.7.4.tgz",
          "integrity": "sha512-l3BikUxvPOcn5E74dZiq5BGsTb5yEwhaTSzccU6t4sDOH8NWJCstKO5QT2CvtFoK6F0saL7p9xHAqHOlCPJygA==",
          "dev": true
        }
      }
    },
    "anymatch": {
      "version": "3.1.2",
      "resolved": "https://registry.npmjs.org/anymatch/-/anymatch-3.1.2.tgz",
      "integrity": "sha512-P43ePfOAIupkguHUycrc4qJ9kz8ZiuOUijaETwX7THt0Y/GNK7v0aa8rY816xWjZ7rJdA5XdMcpVFTKMq+RvWg==",
      "dev": true,
      "requires": {
        "normalize-path": "^3.0.0",
        "picomatch": "^2.0.4"
      }
    },
    "normalize-path": {
      "version": "3.0.0",
      "resolved": "https://registry.npmjs.org/normalize-path/-/normalize-path-3.0.0.tgz",
      "integrity": "sha512-6eZs5Ls3WtCisHWp9S2GUy8dqkpGi4BVSz3GaqiE6ezub0512ESztXUwUB6C6IKbQkY2Pnb/mD4WYojCRwcwLA==",
      "dev": true
    },
    "picomatch": {
      "version": "2.3.1",
      "resolved": "https://registry.npmjs.org/picomatch/-/picomatch-2.3.1.tgz",
      "integrity": "sha512-JU3teHTNjmE2VCGFzuY8EXzCDVwEqB2a8fsIvwaStHhAWJEeVd1o1QD80CU6+ZdEXXSLbSsuLwJjkCBWqRQUVA==",
      "dev": true
    },
    "source-map": {
      "version": "0.6.1",
      "resolved": "https://registry.npmjs.org/source-map/-/source-map-0.6.1.tgz",
      "integrity": "sha512-UjgapumWlbMhkBgzT7Ykc5YXUT46F0iKu8SGXq0bcwP5dz/h0Plj6enJqjz1Zbq2l5WaqYnrVbwWOWMyF3F47g==",
      "dev": true
    },
    "to-fast-properties": {
      "version": "2.0.0",
      "resolved": "https://registry.npmjs.org/to-fast-properties/-/to-fast-properties-2.0.0.tgz",
      "integrity": "sha512-/OaKK0xYrs3DmxRYqL/yDc+FxFUVYhDlXMhRmv3z915w2HF1tnN1omB354j8VUGO/hbRzyD6Y3sA7v7GS/ceog==",
      "dev": true
    },
    "types-registry": {
      "version": "0.1.605",
      "resolved": "https://registry.npmjs.org/types-registry/-/types-registry-0.1.605.tgz",
      "integrity": "sha512-ZsEowfA+766FE00Q2hn/GrIeS12+Usl+s6Bv5Rb9hqeFmbUzN1Hy7Roeno9yadW4jeBISYHIeNYYrEAE0izAcg=="
    }
  }
}
